
Microsoft Visual Studio Solution File, Format Version 12.00
# Visual Studio Version 17
VisualStudioVersion = 17.8.34316.72
MinimumVisualStudioVersion = 10.0.40219.1
Project("{FAE04EC0-301F-11D3-BF4B-00C04F79EFBC}") = "RemoteOfficeTechnicalTest", "RemoteOfficeTechnicalTest.csproj", "{8A54F967-948B-40D9-9391-5845BDEC3CEF}"
EndProject
Global
	GlobalSection(SolutionConfigurationPlatforms) = preSolution
		Debug|Any CPU = Debug|Any CPU
		Release|Any CPU = Release|Any CPU
	EndGlobalSection
	GlobalSection(ProjectConfigurationPlatforms) = postSolution
		{8A54F967-948B-40D9-9391-5845BDEC3CEF}.Debug|Any CPU.ActiveCfg = Debug|Any CPU
		{8A54F967-948B-40D9-9391-5845BDEC3CEF}.Debug|Any CPU.Build.0 = Debug|Any CPU
		{8A54F967-948B-40D9-9391-5845BDEC3CEF}.Release|Any CPU.ActiveCfg = Release|Any CPU
		{8A54F967-948B-40D9-9391-5845BDEC3CEF}.Release|Any CPU.Build.0 = Release|Any CPU
	EndGlobalSection
	GlobalSection(SolutionProperties) = preSolution
		HideSolutionNode = FALSE
	EndGlobalSection
	GlobalSection(ExtensibilityGlobals) = postSolution
		SolutionGuid = {166A0085-5F0C-49FC-B3DC-158C3BBB75E7}
	EndGlobalSection
EndGlobal
